
Microsoft Visual Studio Solution File, Format Version 12.00
# Visual Studio Version 16
VisualStudioVersion = 16.0.32802.440
MinimumVisualStudioVersion = 10.0.40219.1
Project("{FAE04EC0-301F-11D3-BF4B-00C04F79EFBC}") = "Password validatoren", "Password validatoren\Password validatoren.csproj", "{23EC2837-A2BB-44E5-91FA-EB9DD3F4E396}"
EndProject
Global
	GlobalSection(SolutionConfigurationPlatforms) = preSolution
		Debug|Any CPU = Debug|Any CPU
		Release|Any CPU = Release|Any CPU
	EndGlobalSection
	GlobalSection(ProjectConfigurationPlatforms) = postSolution
		{23EC2837-A2BB-44E5-91FA-EB9DD3F4E396}.Debug|Any CPU.ActiveCfg = Debug|Any CPU
		{23EC2837-A2BB-44E5-91FA-EB9DD3F4E396}.Debug|Any CPU.Build.0 = Debug|Any CPU
		{23EC2837-A2BB-44E5-91FA-EB9DD3F4E396}.Release|Any CPU.ActiveCfg = Release|Any CPU
		{23EC2837-A2BB-44E5-91FA-EB9DD3F4E396}.Release|Any CPU.Build.0 = Release|Any CPU
	EndGlobalSection
	GlobalSection(SolutionProperties) = preSolution
		HideSolutionNode = FALSE
	EndGlobalSection
	GlobalSection(ExtensibilityGlobals) = postSolution
		SolutionGuid = {F1603A86-18A2-4F2D-B06A-DA130E666BB0}
	EndGlobalSection
EndGlobal
